
Microsoft Visual Studio Solution File, Format Version 12.00
# Visual Studio Version 16
VisualStudioVersion = 16.0.31205.134
MinimumVisualStudioVersion = 10.0.40219.1
Project("{9A19103F-16F7-4668-BE54-9A1E7A4F7556}") = "Heart Monitor API", "Heart Monitor API.csproj", "{8AE9308E-FDBF-4C3E-B161-6A45F692EB85}"
EndProject
Project("{FAE04EC0-301F-11D3-BF4B-00C04F79EFBC}") = "Heart Monitor API Test", "..\Heart Monitor API Test\Heart Monitor API Test.csproj", "{EE8321AE-B978-4B06-8DF9-596043E2A4B8}"
EndProject
Global
	GlobalSection(SolutionConfigurationPlatforms) = preSolution
		Debug|Any CPU = Debug|Any CPU
		Release|Any CPU = Release|Any CPU
	EndGlobalSection
	GlobalSection(ProjectConfigurationPlatforms) = postSolution
		{8AE9308E-FDBF-4C3E-B161-6A45F692EB85}.Debug|Any CPU.ActiveCfg = Debug|Any CPU
		{8AE9308E-FDBF-4C3E-B161-6A45F692EB85}.Debug|Any CPU.Build.0 = Debug|Any CPU
		{8AE9308E-FDBF-4C3E-B161-6A45F692EB85}.Release|Any CPU.ActiveCfg = Release|Any CPU
		{8AE9308E-FDBF-4C3E-B161-6A45F692EB85}.Release|Any CPU.Build.0 = Release|Any CPU
		{EE8321AE-B978-4B06-8DF9-596043E2A4B8}.Debug|Any CPU.ActiveCfg = Debug|Any CPU
		{EE8321AE-B978-4B06-8DF9-596043E2A4B8}.Debug|Any CPU.Build.0 = Debug|Any CPU
		{EE8321AE-B978-4B06-8DF9-596043E2A4B8}.Release|Any CPU.ActiveCfg = Release|Any CPU
		{EE8321AE-B978-4B06-8DF9-596043E2A4B8}.Release|Any CPU.Build.0 = Release|Any CPU
	EndGlobalSection
	GlobalSection(SolutionProperties) = preSolution
		HideSolutionNode = FALSE
	EndGlobalSection
	GlobalSection(ExtensibilityGlobals) = postSolution
		SolutionGuid = {A4D3A4F4-CC33-4878-A0C8-772E6CDA1F52}
	EndGlobalSection
EndGlobal
